{
  "markbot": "bc9688c0e4a86ada851a6b1eb1987364369acb5ccd7da56d8d99c06e8700ab65",
  "index-320.png": "187b9bcb979f871c125b61d5719d6de21fcd9ced2d2055532ed851898f9b2879",
  "index-400.png": "6332af2a8b3ad75c5bf0839145840732e11ad56fcabfa519a8c5e0d106c905d6",
  "index-608.png": "f87725333b9c9f382102203f5a45270ddcce990c33307cf9ed97f0d92cc3eb86",
  "index-960.png": "3e81fd0825e9827b98b0b76af804eb49cec604303e3fef63d5a38dd6eb405f0c",
  "index-1440.png": "58c95319b1b695c4602d0f11aebe0b1576ecdf9c122f921632e2c50f44ead33b"
}