{
  "markbot": "7b7493c9e9f3c82a90dc14c109744e1a11d71bbd260401132b6b4d3bbdbaae45",
  "index-320.png": "369b33dfc12d6312ddc4bb795227d0d7babebfac7e1e8a379017e6f3329aeb71",
  "index-400.png": "b47751eeefb765317ad75b72cda5c73586f2ef84d40326a9fac75c4ada857018",
  "index-608.png": "a856dc0465cadf3b809df5bebda12af8394a358e160049b03569939aeeffa86e",
  "index-960.png": "0f59aff735e1f2e45830308eae4b07c2d842741bc678fb8fadb5081256c32e84",
  "index-1440.png": "b0b9d412fba6ea76a6e5a1c5f25892495ab6c82e9167227f841df8f2e8153c64"
}