{
  "markbot": "5e57bcc4d1ebb831bb35380cce3397425a206e7c3cd3d464e048cda2e4ed19e7",
  "markbotignore": "030a4e6e1b3b6b510514a7ae54576e2c2ef762d56236c6414ef634955d96a126",
  "index-320.png": "0ecbf21276a6811eb78168edb5462431532795f1e4a85d61cc72d6be5f3aaf09",
  "index-400.png": "8f360011999a427fa966344a620ba5391626fcf4d6530c0e5738b62af20ace25",
  "index-608.png": "7cd201fee2bdc8e207e0764d02b27ae05eceb50d200869de0c7deb153da2004a",
  "index-960.png": "2a2551690ea2dc9b10e6849a776a8bc46bd083d8196872affebc5cc7499fc158",
  "index-1440.png": "2c8b821063732d85d8f3272227c1baa946d8e67d84823660ee3fb126f20bf9d2"
}